// !$*UTF8*$!
{
	archiveVersion = 1;
	classes = {
	};
	objectVersion = 46;
	objects = {

/* Begin PBXBuildFile section */
		911EC766158AE03B00C5ADA9 /* InteractiveStoryViewController.m in Sources */ = {isa = PBXBuildFile; fileRef = 911EC765158AE03B00C5ADA9 /* InteractiveStoryViewController.m */; };
		911EC769158AE1D700C5ADA9 /* StoryOneViewController_PageTwo.m in Sources */ = {isa = PBXBuildFile; fileRef = 911EC768158AE1D700C5ADA9 /* StoryOneViewController_PageTwo.m */; };
		911EDBE815745CB300DA52EA /* StoryOneViewController_PageOne.m in Sources */ = {isa = PBXBuildFile; fileRef = 911EDBE715745CB300DA52EA /* StoryOneViewController_PageOne.m */; };
		917A4A7015717224001DAC6F /* UIKit.framework in Frameworks */ = {isa = PBXBuildFile; fileRef = 917A4A6F15717224001DAC6F /* UIKit.framework */; };
		917A4A7215717224001DAC6F /* Foundation.framework in Frameworks */ = {isa = PBXBuildFile; fileRef = 917A4A7115717224001DAC6F /* Foundation.framework */; };
		917A4A7415717224001DAC6F /* CoreGraphics.framework in Frameworks */ = {isa = PBXBuildFile; fileRef = 917A4A7315717224001DAC6F /* CoreGraphics.framework */; };
		917A4A7A15717224001DAC6F /* InfoPlist.strings in Resources */ = {isa = PBXBuildFile; fileRef = 917A4A7815717224001DAC6F /* InfoPlist.strings */; };
		917A4A7C15717224001DAC6F /* main.m in Sources */ = {isa = PBXBuildFile; fileRef = 917A4A7B15717224001DAC6F /* main.m */; };
		917A4A8015717224001DAC6F /* InteractiveStoryAppDelegate.m in Sources */ = {isa = PBXBuildFile; fileRef = 917A4A7F15717224001DAC6F /* InteractiveStoryAppDelegate.m */; };
		917A4A8315717224001DAC6F /* MainStoryboard.storyboard in Resources */ = {isa = PBXBuildFile; fileRef = 917A4A8115717224001DAC6F /* MainStoryboard.storyboard */; };
		917A4A9315718038001DAC6F /* logo_canadian_ape.png in Resources */ = {isa = PBXBuildFile; fileRef = 917A4A9215718038001DAC6F /* logo_canadian_ape.png */; };
		917A4A9515718260001DAC6F /* icon.png in Resources */ = {isa = PBXBuildFile; fileRef = 917A4A9415718260001DAC6F /* icon.png */; };
		91A72D05157BC5450029F433 /* Page.m in Sources */ = {isa = PBXBuildFile; fileRef = 91A72D04157BC5450029F433 /* Page.m */; };
		91E68866157A7E5A00190356 /* Story.m in Sources */ = {isa = PBXBuildFile; fileRef = 91E68865157A7E5A00190356 /* Story.m */; };
		91E6886A157A873300190356 /* SampleStory.json in Resources */ = {isa = PBXBuildFile; fileRef = 91E68869157A873300190356 /* SampleStory.json */; };
		91ECCA841583DD7B008626E2 /* waving-water2.jpg in Resources */ = {isa = PBXBuildFile; fileRef = 91ECCA831583DD7B008626E2 /* waving-water2.jpg */; };
		91F5744F157BB45200313A77 /* NSObject+SBJson.m in Sources */ = {isa = PBXBuildFile; fileRef = 91F57437157BB45200313A77 /* NSObject+SBJson.m */; };
		91F57450157BB45200313A77 /* SBJsonParser.m in Sources */ = {isa = PBXBuildFile; fileRef = 91F5743A157BB45200313A77 /* SBJsonParser.m */; };
		91F57451157BB45200313A77 /* SBJsonStreamParser.m in Sources */ = {isa = PBXBuildFile; fileRef = 91F5743C157BB45200313A77 /* SBJsonStreamParser.m */; };
		91F57452157BB45200313A77 /* SBJsonStreamParserAccumulator.m in Sources */ = {isa = PBXBuildFile; fileRef = 91F5743E157BB45200313A77 /* SBJsonStreamParserAccumulator.m */; };
		91F57453157BB45200313A77 /* SBJsonStreamParserAdapter.m in Sources */ = {isa = PBXBuildFile; fileRef = 91F57440157BB45200313A77 /* SBJsonStreamParserAdapter.m */; };
		91F57454157BB45200313A77 /* SBJsonStreamParserState.m in Sources */ = {isa = PBXBuildFile; fileRef = 91F57442157BB45200313A77 /* SBJsonStreamParserState.m */; };
		91F57455157BB45200313A77 /* SBJsonStreamWriter.m in Sources */ = {isa = PBXBuildFile; fileRef = 91F57444157BB45200313A77 /* SBJsonStreamWriter.m */; };
		91F57456157BB45200313A77 /* SBJsonStreamWriterAccumulator.m in Sources */ = {isa = PBXBuildFile; fileRef = 91F57446157BB45200313A77 /* SBJsonStreamWriterAccumulator.m */; };
		91F57457157BB45200313A77 /* SBJsonStreamWriterState.m in Sources */ = {isa = PBXBuildFile; fileRef = 91F57448157BB45200313A77 /* SBJsonStreamWriterState.m */; };
		91F57458157BB45200313A77 /* SBJsonTokeniser.m in Sources */ = {isa = PBXBuildFile; fileRef = 91F5744A157BB45200313A77 /* SBJsonTokeniser.m */; };
		91F57459157BB45200313A77 /* SBJsonUTF8Stream.m in Sources */ = {isa = PBXBuildFile; fileRef = 91F5744C157BB45200313A77 /* SBJsonUTF8Stream.m */; };
		91F5745A157BB45200313A77 /* SBJsonWriter.m in Sources */ = {isa = PBXBuildFile; fileRef = 91F5744E157BB45200313A77 /* SBJsonWriter.m */; };
/* End PBXBuildFile section */

/* Begin PBXFileReference section */
		911EC764158AE03B00C5ADA9 /* InteractiveStoryViewController.h */ = {isa = PBXFileReference; fileEncoding = 4; lastKnownFileType = sourcecode.c.h; name = InteractiveStoryViewController.h; path = CanadianApe/InteractiveStoryViewController.h; sourceTree = "<group>"; };
		911EC765158AE03B00C5ADA9 /* InteractiveStoryViewController.m */ = {isa = PBXFileReference; fileEncoding = 4; lastKnownFileType = sourcecode.c.objc; name = InteractiveStoryViewController.m; path = CanadianApe/InteractiveStoryViewController.m; sourceTree = "<group>"; };
		911EC767158AE1D700C5ADA9 /* StoryOneViewController_PageTwo.h */ = {isa = PBXFileReference; fileEncoding = 4; lastKnownFileType = sourcecode.c.h; name = StoryOneViewController_PageTwo.h; path = CanadianApe/StoryOneViewController_PageTwo.h; sourceTree = "<group>"; };
		911EC768158AE1D700C5ADA9 /* StoryOneViewController_PageTwo.m */ = {isa = PBXFileReference; fileEncoding = 4; lastKnownFileType = sourcecode.c.objc; name = StoryOneViewController_PageTwo.m; path = CanadianApe/StoryOneViewController_PageTwo.m; sourceTree = "<group>"; };
		911EDBE615745CB300DA52EA /* StoryOneViewController_PageOne.h */ = {isa = PBXFileReference; fileEncoding = 4; lastKnownFileType = sourcecode.c.h; name = StoryOneViewController_PageOne.h; path = CanadianApe/StoryOneViewController_PageOne.h; sourceTree = "<group>"; };
		911EDBE715745CB300DA52EA /* StoryOneViewController_PageOne.m */ = {isa = PBXFileReference; fileEncoding = 4; lastKnownFileType = sourcecode.c.objc; name = StoryOneViewController_PageOne.m; path = CanadianApe/StoryOneViewController_PageOne.m; sourceTree = "<group>"; };
		917A4A6B15717224001DAC6F /* CanadianApe.app */ = {isa = PBXFileReference; explicitFileType = wrapper.application; includeInIndex = 0; path = CanadianApe.app; sourceTree = BUILT_PRODUCTS_DIR; };
		917A4A6F15717224001DAC6F /* UIKit.framework */ = {isa = PBXFileReference; lastKnownFileType = wrapper.framework; name = UIKit.framework; path = System/Library/Frameworks/UIKit.framework; sourceTree = SDKROOT; };
		917A4A7115717224001DAC6F /* Foundation.framework */ = {isa = PBXFileReference; lastKnownFileType = wrapper.framework; name = Foundation.framework; path = System/Library/Frameworks/Foundation.framework; sourceTree = SDKROOT; };
		917A4A7315717224001DAC6F /* CoreGraphics.framework */ = {isa = PBXFileReference; lastKnownFileType = wrapper.framework; name = CoreGraphics.framework; path = System/Library/Frameworks/CoreGraphics.framework; sourceTree = SDKROOT; };
		917A4A7715717224001DAC6F /* CanadianApe-Info.plist */ = {isa = PBXFileReference; lastKnownFileType = text.plist.xml; path = "CanadianApe-Info.plist"; sourceTree = "<group>"; };
		917A4A7915717224001DAC6F /* en */ = {isa = PBXFileReference; lastKnownFileType = text.plist.strings; name = en; path = en.lproj/InfoPlist.strings; sourceTree = "<group>"; };
		917A4A7B15717224001DAC6F /* main.m */ = {isa = PBXFileReference; lastKnownFileType = sourcecode.c.objc; path = main.m; sourceTree = "<group>"; };
		917A4A7D15717224001DAC6F /* CanadianApe-Prefix.pch */ = {isa = PBXFileReference; lastKnownFileType = sourcecode.c.h; path = "CanadianApe-Prefix.pch"; sourceTree = "<group>"; };
		917A4A7E15717224001DAC6F /* InteractiveStoryAppDelegate.h */ = {isa = PBXFileReference; lastKnownFileType = sourcecode.c.h; path = InteractiveStoryAppDelegate.h; sourceTree = "<group>"; };
		917A4A7F15717224001DAC6F /* InteractiveStoryAppDelegate.m */ = {isa = PBXFileReference; lastKnownFileType = sourcecode.c.objc; path = InteractiveStoryAppDelegate.m; sourceTree = "<group>"; };
		917A4A8215717224001DAC6F /* en */ = {isa = PBXFileReference; lastKnownFileType = file.storyboard; name = en; path = en.lproj/MainStoryboard.storyboard; sourceTree = "<group>"; };
		917A4A9215718038001DAC6F /* logo_canadian_ape.png */ = {isa = PBXFileReference; lastKnownFileType = image.png; path = logo_canadian_ape.png; sourceTree = "<group>"; };
		917A4A9415718260001DAC6F /* icon.png */ = {isa = PBXFileReference; lastKnownFileType = image.png; path = icon.png; sourceTree = "<group>"; };
		91A72D03157BC5450029F433 /* Page.h */ = {isa = PBXFileReference; fileEncoding = 4; lastKnownFileType = sourcecode.c.h; path = Page.h; sourceTree = "<group>"; };
		91A72D04157BC5450029F433 /* Page.m */ = {isa = PBXFileReference; fileEncoding = 4; lastKnownFileType = sourcecode.c.objc; path = Page.m; sourceTree = "<group>"; };
		91E68864157A7E5A00190356 /* Story.h */ = {isa = PBXFileReference; fileEncoding = 4; lastKnownFileType = sourcecode.c.h; name = Story.h; path = CanadianApe/Story.h; sourceTree = "<group>"; };
		91E68865157A7E5A00190356 /* Story.m */ = {isa = PBXFileReference; fileEncoding = 4; lastKnownFileType = sourcecode.c.objc; name = Story.m; path = CanadianApe/Story.m; sourceTree = "<group>"; };
		91E68869157A873300190356 /* SampleStory.json */ = {isa = PBXFileReference; fileEncoding = 4; lastKnownFileType = text.json; path = SampleStory.json; sourceTree = "<group>"; };
		91ECCA831583DD7B008626E2 /* waving-water2.jpg */ = {isa = PBXFileReference; lastKnownFileType = image.jpeg; path = "waving-water2.jpg"; sourceTree = "<group>"; };
		91F57436157BB45200313A77 /* NSObject+SBJson.h */ = {isa = PBXFileReference; fileEncoding = 4; lastKnownFileType = sourcecode.c.h; path = "NSObject+SBJson.h"; sourceTree = "<group>"; };
		91F57437157BB45200313A77 /* NSObject+SBJson.m */ = {isa = PBXFileReference; fileEncoding = 4; lastKnownFileType = sourcecode.c.objc; path = "NSObject+SBJson.m"; sourceTree = "<group>"; };
		91F57438157BB45200313A77 /* SBJson.h */ = {isa = PBXFileReference; fileEncoding = 4; lastKnownFileType = sourcecode.c.h; path = SBJson.h; sourceTree = "<group>"; };
		91F57439157BB45200313A77 /* SBJsonParser.h */ = {isa = PBXFileReference; fileEncoding = 4; lastKnownFileType = sourcecode.c.h; path = SBJsonParser.h; sourceTree = "<group>"; };
		91F5743A157BB45200313A77 /* SBJsonParser.m */ = {isa = PBXFileReference; fileEncoding = 4; lastKnownFileType = sourcecode.c.objc; path = SBJsonParser.m; sourceTree = "<group>"; };
		91F5743B157BB45200313A77 /* SBJsonStreamParser.h */ = {isa = PBXFileReference; fileEncoding = 4; lastKnownFileType = sourcecode.c.h; path = SBJsonStreamParser.h; sourceTree = "<group>"; };
		91F5743C157BB45200313A77 /* SBJsonStreamParser.m */ = {isa = PBXFileReference; fileEncoding = 4; lastKnownFileType = sourcecode.c.objc; path = SBJsonStreamParser.m; sourceTree = "<group>"; };
		91F5743D157BB45200313A77 /* SBJsonStreamParserAccumulator.h */ = {isa = PBXFileReference; fileEncoding = 4; lastKnownFileType = sourcecode.c.h; path = SBJsonStreamParserAccumulator.h; sourceTree = "<group>"; };
		91F5743E157BB45200313A77 /* SBJsonStreamParserAccumulator.m */ = {isa = PBXFileReference; fileEncoding = 4; lastKnownFileType = sourcecode.c.objc; path = SBJsonStreamParserAccumulator.m; sourceTree = "<group>"; };
		91F5743F157BB45200313A77 /* SBJsonStreamParserAdapter.h */ = {isa = PBXFileReference; fileEncoding = 4; lastKnownFileType = sourcecode.c.h; path = SBJsonStreamParserAdapter.h; sourceTree = "<group>"; };
		91F57440157BB45200313A77 /* SBJsonStreamParserAdapter.m */ = {isa = PBXFileReference; fileEncoding = 4; lastKnownFileType = sourcecode.c.objc; path = SBJsonStreamParserAdapter.m; sourceTree = "<group>"; };
		91F57441157BB45200313A77 /* SBJsonStreamParserState.h */ = {isa = PBXFileReference; fileEncoding = 4; lastKnownFileType = sourcecode.c.h; path = SBJsonStreamParserState.h; sourceTree = "<group>"; };
		91F57442157BB45200313A77 /* SBJsonStreamParserState.m */ = {isa = PBXFileReference; fileEncoding = 4; lastKnownFileType = sourcecode.c.objc; path = SBJsonStreamParserState.m; sourceTree = "<group>"; };
		91F57443157BB45200313A77 /* SBJsonStreamWriter.h */ = {isa = PBXFileReference; fileEncoding = 4; lastKnownFileType = sourcecode.c.h; path = SBJsonStreamWriter.h; sourceTree = "<group>"; };
		91F57444157BB45200313A77 /* SBJsonStreamWriter.m */ = {isa = PBXFileReference; fileEncoding = 4; lastKnownFileType = sourcecode.c.objc; path = SBJsonStreamWriter.m; sourceTree = "<group>"; };
		91F57445157BB45200313A77 /* SBJsonStreamWriterAccumulator.h */ = {isa = PBXFileReference; fileEncoding = 4; lastKnownFileType = sourcecode.c.h; path = SBJsonStreamWriterAccumulator.h; sourceTree = "<group>"; };
		91F57446157BB45200313A77 /* SBJsonStreamWriterAccumulator.m */ = {isa = PBXFileReference; fileEncoding = 4; lastKnownFileType = sourcecode.c.objc; path = SBJsonStreamWriterAccumulator.m; sourceTree = "<group>"; };
		91F57447157BB45200313A77 /* SBJsonStreamWriterState.h */ = {isa = PBXFileReference; fileEncoding = 4; lastKnownFileType = sourcecode.c.h; path = SBJsonStreamWriterState.h; sourceTree = "<group>"; };
		91F57448157BB45200313A77 /* SBJsonStreamWriterState.m */ = {isa = PBXFileReference; fileEncoding = 4; lastKnownFileType = sourcecode.c.objc; path = SBJsonStreamWriterState.m; sourceTree = "<group>"; };
		91F57449157BB45200313A77 /* SBJsonTokeniser.h */ = {isa = PBXFileReference; fileEncoding = 4; lastKnownFileType = sourcecode.c.h; path = SBJsonTokeniser.h; sourceTree = "<group>"; };
		91F5744A157BB45200313A77 /* SBJsonTokeniser.m */ = {isa = PBXFileReference; fileEncoding = 4; lastKnownFileType = sourcecode.c.objc; path = SBJsonTokeniser.m; sourceTree = "<group>"; };
		91F5744B157BB45200313A77 /* SBJsonUTF8Stream.h */ = {isa = PBXFileReference; fileEncoding = 4; lastKnownFileType = sourcecode.c.h; path = SBJsonUTF8Stream.h; sourceTree = "<group>"; };
		91F5744C157BB45200313A77 /* SBJsonUTF8Stream.m */ = {isa = PBXFileReference; fileEncoding = 4; lastKnownFileType = sourcecode.c.objc; path = SBJsonUTF8Stream.m; sourceTree = "<group>"; };
		91F5744D157BB45200313A77 /* SBJsonWriter.h */ = {isa = PBXFileReference; fileEncoding = 4; lastKnownFileType = sourcecode.c.h; path = SBJsonWriter.h; sourceTree = "<group>"; };
		91F5744E157BB45200313A77 /* SBJsonWriter.m */ = {isa = PBXFileReference; fileEncoding = 4; lastKnownFileType = sourcecode.c.objc; path = SBJsonWriter.m; sourceTree = "<group>"; };
/* End PBXFileReference section */

/* Begin PBXFrameworksBuildPhase section */
		917A4A6815717224001DAC6F /* Frameworks */ = {
			isa = PBXFrameworksBuildPhase;
			buildActionMask = 2147483647;
			files = (
				917A4A7015717224001DAC6F /* UIKit.framework in Frameworks */,
				917A4A7215717224001DAC6F /* Foundation.framework in Frameworks */,
				917A4A7415717224001DAC6F /* CoreGraphics.framework in Frameworks */,
			);
			runOnlyForDeploymentPostprocessing = 0;
		};
/* End PBXFrameworksBuildPhase section */

/* Begin PBXGroup section */
		911EDBE515745B4800DA52EA /* Classes */ = {
			isa = PBXGroup;
			children = (
				91F57435157BB45200313A77 /* SBJson */,
				91E6886C157A880500190356 /* Objects */,
				91E6886B157A87FC00190356 /* Controllers */,
			);
			name = Classes;
			sourceTree = "<group>";
		};
		917A4A6015717224001DAC6F = {
			isa = PBXGroup;
			children = (
				91E68868157A838700190356 /* Stories */,
				917A4A9015717FA7001DAC6F /* Assets */,
				911EDBE515745B4800DA52EA /* Classes */,
				917A4A7515717224001DAC6F /* CanadianApe */,
				917A4A6E15717224001DAC6F /* Frameworks */,
				917A4A6C15717224001DAC6F /* Products */,
			);
			sourceTree = "<group>";
		};
		917A4A6C15717224001DAC6F /* Products */ = {
			isa = PBXGroup;
			children = (
				917A4A6B15717224001DAC6F /* CanadianApe.app */,
			);
			name = Products;
			sourceTree = "<group>";
		};
		917A4A6E15717224001DAC6F /* Frameworks */ = {
			isa = PBXGroup;
			children = (
				917A4A6F15717224001DAC6F /* UIKit.framework */,
				917A4A7115717224001DAC6F /* Foundation.framework */,
				917A4A7315717224001DAC6F /* CoreGraphics.framework */,
			);
			name = Frameworks;
			sourceTree = "<group>";
		};
		917A4A7515717224001DAC6F /* CanadianApe */ = {
			isa = PBXGroup;
			children = (
				917A4A7E15717224001DAC6F /* InteractiveStoryAppDelegate.h */,
				917A4A7F15717224001DAC6F /* InteractiveStoryAppDelegate.m */,
				917A4A8115717224001DAC6F /* MainStoryboard.storyboard */,
				917A4A7615717224001DAC6F /* Supporting Files */,
			);
			path = CanadianApe;
			sourceTree = "<group>";
		};
		917A4A7615717224001DAC6F /* Supporting Files */ = {
			isa = PBXGroup;
			children = (
				917A4A7715717224001DAC6F /* CanadianApe-Info.plist */,
				917A4A7815717224001DAC6F /* InfoPlist.strings */,
				917A4A7B15717224001DAC6F /* main.m */,
				917A4A7D15717224001DAC6F /* CanadianApe-Prefix.pch */,
			);
			name = "Supporting Files";
			sourceTree = "<group>";
		};
		917A4A9015717FA7001DAC6F /* Assets */ = {
			isa = PBXGroup;
			children = (
				91ECCA831583DD7B008626E2 /* waving-water2.jpg */,
				917A4A9215718038001DAC6F /* logo_canadian_ape.png */,
				917A4A9415718260001DAC6F /* icon.png */,
			);
			name = Assets;
			path = CanadianApe;
			sourceTree = "<group>";
		};
		91E68868157A838700190356 /* Stories */ = {
			isa = PBXGroup;
			children = (
				91E68869157A873300190356 /* SampleStory.json */,
			);
			name = Stories;
			sourceTree = "<group>";
		};
		91E6886B157A87FC00190356 /* Controllers */ = {
			isa = PBXGroup;
			children = (
				911EC764158AE03B00C5ADA9 /* InteractiveStoryViewController.h */,
				911EC765158AE03B00C5ADA9 /* InteractiveStoryViewController.m */,
				911EDBE615745CB300DA52EA /* StoryOneViewController_PageOne.h */,
				911EDBE715745CB300DA52EA /* StoryOneViewController_PageOne.m */,
				911EC767158AE1D700C5ADA9 /* StoryOneViewController_PageTwo.h */,
				911EC768158AE1D700C5ADA9 /* StoryOneViewController_PageTwo.m */,
			);
			name = Controllers;
			sourceTree = "<group>";
		};
		91E6886C157A880500190356 /* Objects */ = {
			isa = PBXGroup;
			children = (
				91E68864157A7E5A00190356 /* Story.h */,
				91E68865157A7E5A00190356 /* Story.m */,
				91A72D03157BC5450029F433 /* Page.h */,
				91A72D04157BC5450029F433 /* Page.m */,
			);
			name = Objects;
			sourceTree = "<group>";
		};
		91F57435157BB45200313A77 /* SBJson */ = {
			isa = PBXGroup;
			children = (
				91F57436157BB45200313A77 /* NSObject+SBJson.h */,
				91F57437157BB45200313A77 /* NSObject+SBJson.m */,
				91F57438157BB45200313A77 /* SBJson.h */,
				91F57439157BB45200313A77 /* SBJsonParser.h */,
				91F5743A157BB45200313A77 /* SBJsonParser.m */,
				91F5743B157BB45200313A77 /* SBJsonStreamParser.h */,
				91F5743C157BB45200313A77 /* SBJsonStreamParser.m */,
				91F5743D157BB45200313A77 /* SBJsonStreamParserAccumulator.h */,
				91F5743E157BB45200313A77 /* SBJsonStreamParserAccumulator.m */,
				91F5743F157BB45200313A77 /* SBJsonStreamParserAdapter.h */,
				91F57440157BB45200313A77 /* SBJsonStreamParserAdapter.m */,
				91F57441157BB45200313A77 /* SBJsonStreamParserState.h */,
				91F57442157BB45200313A77 /* SBJsonStreamParserState.m */,
				91F57443157BB45200313A77 /* SBJsonStreamWriter.h */,
				91F57444157BB45200313A77 /* SBJsonStreamWriter.m */,
				91F57445157BB45200313A77 /* SBJsonStreamWriterAccumulator.h */,
				91F57446157BB45200313A77 /* SBJsonStreamWriterAccumulator.m */,
				91F57447157BB45200313A77 /* SBJsonStreamWriterState.h */,
				91F57448157BB45200313A77 /* SBJsonStreamWriterState.m */,
				91F57449157BB45200313A77 /* SBJsonTokeniser.h */,
				91F5744A157BB45200313A77 /* SBJsonTokeniser.m */,
				91F5744B157BB45200313A77 /* SBJsonUTF8Stream.h */,
				91F5744C157BB45200313A77 /* SBJsonUTF8Stream.m */,
				91F5744D157BB45200313A77 /* SBJsonWriter.h */,
				91F5744E157BB45200313A77 /* SBJsonWriter.m */,
			);
			name = SBJson;
			path = Classes;
			sourceTree = "<group>";
		};
/* End PBXGroup section */

/* Begin PBXNativeTarget section */
		917A4A6A15717224001DAC6F /* CanadianApe */ = {
			isa = PBXNativeTarget;
			buildConfigurationList = 917A4A8915717224001DAC6F /* Build configuration list for PBXNativeTarget "CanadianApe" */;
			buildPhases = (
				917A4A6715717224001DAC6F /* Sources */,
				917A4A6815717224001DAC6F /* Frameworks */,
				917A4A6915717224001DAC6F /* Resources */,
			);
			buildRules = (
			);
			dependencies = (
			);
			name = CanadianApe;
			productName = CanadianApe;
			productReference = 917A4A6B15717224001DAC6F /* CanadianApe.app */;
			productType = "com.apple.product-type.application";
		};
/* End PBXNativeTarget section */

/* Begin PBXProject section */
		917A4A6215717224001DAC6F /* Project object */ = {
			isa = PBXProject;
			attributes = {
				CLASSPREFIX = InteractiveStory;
				LastUpgradeCheck = 0430;
			};
			buildConfigurationList = 917A4A6515717224001DAC6F /* Build configuration list for PBXProject "CanadianApe" */;
			compatibilityVersion = "Xcode 3.2";
			developmentRegion = English;
			hasScannedForEncodings = 0;
			knownRegions = (
				en,
			);
			mainGroup = 917A4A6015717224001DAC6F;
			productRefGroup = 917A4A6C15717224001DAC6F /* Products */;
			projectDirPath = "";
			projectRoot = "";
			targets = (
				917A4A6A15717224001DAC6F /* CanadianApe */,
			);
		};
/* End PBXProject section */

/* Begin PBXResourcesBuildPhase section */
		917A4A6915717224001DAC6F /* Resources */ = {
			isa = PBXResourcesBuildPhase;
			buildActionMask = 2147483647;
			files = (
				917A4A7A15717224001DAC6F /* InfoPlist.strings in Resources */,
				917A4A8315717224001DAC6F /* MainStoryboard.storyboard in Resources */,
				917A4A9315718038001DAC6F /* logo_canadian_ape.png in Resources */,
				917A4A9515718260001DAC6F /* icon.png in Resources */,
				91E6886A157A873300190356 /* SampleStory.json in Resources */,
				91ECCA841583DD7B008626E2 /* waving-water2.jpg in Resources */,
			);
			runOnlyForDeploymentPostprocessing = 0;
		};
/* End PBXResourcesBuildPhase section */

/* Begin PBXSourcesBuildPhase section */
		917A4A6715717224001DAC6F /* Sources */ = {
			isa = PBXSourcesBuildPhase;
			buildActionMask = 2147483647;
			files = (
				917A4A7C15717224001DAC6F /* main.m in Sources */,
				917A4A8015717224001DAC6F /* InteractiveStoryAppDelegate.m in Sources */,
				911EDBE815745CB300DA52EA /* StoryOneViewController_PageOne.m in Sources */,
				91E68866157A7E5A00190356 /* Story.m in Sources */,
				91F5744F157BB45200313A77 /* NSObject+SBJson.m in Sources */,
				91F57450157BB45200313A77 /* SBJsonParser.m in Sources */,
				91F57451157BB45200313A77 /* SBJsonStreamParser.m in Sources */,
				91F57452157BB45200313A77 /* SBJsonStreamParserAccumulator.m in Sources */,
				91F57453157BB45200313A77 /* SBJsonStreamParserAdapter.m in Sources */,
				91F57454157BB45200313A77 /* SBJsonStreamParserState.m in Sources */,
				91F57455157BB45200313A77 /* SBJsonStreamWriter.m in Sources */,
				91F57456157BB45200313A77 /* SBJsonStreamWriterAccumulator.m in Sources */,
				91F57457157BB45200313A77 /* SBJsonStreamWriterState.m in Sources */,
				91F57458157BB45200313A77 /* SBJsonTokeniser.m in Sources */,
				91F57459157BB45200313A77 /* SBJsonUTF8Stream.m in Sources */,
				91F5745A157BB45200313A77 /* SBJsonWriter.m in Sources */,
				91A72D05157BC5450029F433 /* Page.m in Sources */,
				911EC766158AE03B00C5ADA9 /* InteractiveStoryViewController.m in Sources */,
				911EC769158AE1D700C5ADA9 /* StoryOneViewController_PageTwo.m in Sources */,
			);
			runOnlyForDeploymentPostprocessing = 0;
		};
/* End PBXSourcesBuildPhase section */

/* Begin PBXVariantGroup section */
		917A4A7815717224001DAC6F /* InfoPlist.strings */ = {
			isa = PBXVariantGroup;
			children = (
				917A4A7915717224001DAC6F /* en */,
			);
			name = InfoPlist.strings;
			sourceTree = "<group>";
		};
		917A4A8115717224001DAC6F /* MainStoryboard.storyboard */ = {
			isa = PBXVariantGroup;
			children = (
				917A4A8215717224001DAC6F /* en */,
			);
			name = MainStoryboard.storyboard;
			sourceTree = "<group>";
		};
/* End PBXVariantGroup section */

/* Begin XCBuildConfiguration section */
		917A4A8715717224001DAC6F /* Debug */ = {
			isa = XCBuildConfiguration;
			buildSettings = {
				ALWAYS_SEARCH_USER_PATHS = NO;
				ARCHS = "$(ARCHS_STANDARD_32_BIT)";
				"CODE_SIGN_IDENTITY[sdk=iphoneos*]" = "iPhone Developer";
				COPY_PHASE_STRIP = NO;
				GCC_C_LANGUAGE_STANDARD = gnu99;
				GCC_DYNAMIC_NO_PIC = NO;
				GCC_OPTIMIZATION_LEVEL = 0;
				GCC_PREPROCESSOR_DEFINITIONS = (
					"DEBUG=1",
					"$(inherited)",
				);
				GCC_SYMBOLS_PRIVATE_EXTERN = NO;
				GCC_VERSION = com.apple.compilers.llvm.clang.1_0;
				GCC_WARN_ABOUT_RETURN_TYPE = YES;
				GCC_WARN_UNINITIALIZED_AUTOS = YES;
				GCC_WARN_UNUSED_VARIABLE = YES;
				IPHONEOS_DEPLOYMENT_TARGET = 5.1;
				SDKROOT = iphoneos;
				TARGETED_DEVICE_FAMILY = 2;
			};
			name = Debug;
		};
		917A4A8815717224001DAC6F /* Release */ = {
			isa = XCBuildConfiguration;
			buildSettings = {
				ALWAYS_SEARCH_USER_PATHS = NO;
				ARCHS = "$(ARCHS_STANDARD_32_BIT)";
				"CODE_SIGN_IDENTITY[sdk=iphoneos*]" = "iPhone Developer";
				COPY_PHASE_STRIP = YES;
				GCC_C_LANGUAGE_STANDARD = gnu99;
				GCC_VERSION = com.apple.compilers.llvm.clang.1_0;
				GCC_WARN_ABOUT_RETURN_TYPE = YES;
				GCC_WARN_UNINITIALIZED_AUTOS = YES;
				GCC_WARN_UNUSED_VARIABLE = YES;
				IPHONEOS_DEPLOYMENT_TARGET = 5.1;
				OTHER_CFLAGS = "-DNS_BLOCK_ASSERTIONS=1";
				SDKROOT = iphoneos;
				TARGETED_DEVICE_FAMILY = 2;
				VALIDATE_PRODUCT = YES;
			};
			name = Release;
		};
		917A4A8A15717224001DAC6F /* Debug */ = {
			isa = XCBuildConfiguration;
			buildSettings = {
				GCC_PRECOMPILE_PREFIX_HEADER = YES;
				GCC_PREFIX_HEADER = "CanadianApe/CanadianApe-Prefix.pch";
				INFOPLIST_FILE = "CanadianApe/CanadianApe-Info.plist";
				PRODUCT_NAME = "$(TARGET_NAME)";
				TARGETED_DEVICE_FAMILY = 2;
				WRAPPER_EXTENSION = app;
			};
			name = Debug;
		};
		917A4A8B15717224001DAC6F /* Release */ = {
			isa = XCBuildConfiguration;
			buildSettings = {
				GCC_PRECOMPILE_PREFIX_HEADER = YES;
				GCC_PREFIX_HEADER = "CanadianApe/CanadianApe-Prefix.pch";
				INFOPLIST_FILE = "CanadianApe/CanadianApe-Info.plist";
				PRODUCT_NAME = "$(TARGET_NAME)";
				TARGETED_DEVICE_FAMILY = 2;
				WRAPPER_EXTENSION = app;
			};
			name = Release;
		};
/* End XCBuildConfiguration section */

/* Begin XCConfigurationList section */
		917A4A6515717224001DAC6F /* Build configuration list for PBXProject "CanadianApe" */ = {
			isa = XCConfigurationList;
			buildConfigurations = (
				917A4A8715717224001DAC6F /* Debug */,
				917A4A8815717224001DAC6F /* Release */,
			);
			defaultConfigurationIsVisible = 0;
			defaultConfigurationName = Release;
		};
		917A4A8915717224001DAC6F /* Build configuration list for PBXNativeTarget "CanadianApe" */ = {
			isa = XCConfigurationList;
			buildConfigurations = (
				917A4A8A15717224001DAC6F /* Debug */,
				917A4A8B15717224001DAC6F /* Release */,
			);
			defaultConfigurationIsVisible = 0;
			defaultConfigurationName = Release;
		};
/* End XCConfigurationList section */
	};
	rootObject = 917A4A6215717224001DAC6F /* Project object */;
}
